// !$*UTF8*$!
{
	archiveVersion = 1;
	classes = {
	};
	objectVersion = 46;
	objects = {

/* Begin PBXBuildFile section */
		630053B21E268CB500E0905B /* RNSFOAuth.m in Sources */ = {isa = PBXBuildFile; fileRef = 630053B11E268CB500E0905B /* RNSFOAuth.m */; };
		630053B31E268CB500E0905B /* RNSFOAuth.h in CopyFiles */ = {isa = PBXBuildFile; fileRef = 630053B01E268CB500E0905B /* RNSFOAuth.h */; };
/* End PBXBuildFile section */

/* Begin PBXCopyFilesBuildPhase section */
		630053AB1E268CB500E0905B /* CopyFiles */ = {
			isa = PBXCopyFilesBuildPhase;
			buildActionMask = 2147483647;
			dstPath = "include/$(PRODUCT_NAME)";
			dstSubfolderSpec = 16;
			files = (
				630053B31E268CB500E0905B /* RNSFOAuth.h in CopyFiles */,
			);
			runOnlyForDeploymentPostprocessing = 0;
		};
/* End PBXCopyFilesBuildPhase section */

/* Begin PBXFileReference section */
		630053AD1E268CB500E0905B /* libRNSFOAuth.a */ = {isa = PBXFileReference; explicitFileType = archive.ar; includeInIndex = 0; path = libRNSFOAuth.a; sourceTree = BUILT_PRODUCTS_DIR; };
		630053B01E268CB500E0905B /* RNSFOAuth.h */ = {isa = PBXFileReference; lastKnownFileType = sourcecode.c.h; path = RNSFOAuth.h; sourceTree = "<group>"; };
		630053B11E268CB500E0905B /* RNSFOAuth.m */ = {isa = PBXFileReference; lastKnownFileType = sourcecode.c.objc; path = RNSFOAuth.m; sourceTree = "<group>"; };
/* End PBXFileReference section */

/* Begin PBXFrameworksBuildPhase section */
		630053AA1E268CB500E0905B /* Frameworks */ = {
			isa = PBXFrameworksBuildPhase;
			buildActionMask = 2147483647;
			files = (
			);
			runOnlyForDeploymentPostprocessing = 0;
		};
/* End PBXFrameworksBuildPhase section */

/* Begin PBXGroup section */
		630053A41E268CB500E0905B = {
			isa = PBXGroup;
			children = (
				630053AF1E268CB500E0905B /* RNSFOAuth */,
				630053AE1E268CB500E0905B /* Products */,
			);
			sourceTree = "<group>";
		};
		630053AE1E268CB500E0905B /* Products */ = {
			isa = PBXGroup;
			children = (
				630053AD1E268CB500E0905B /* libRNSFOAuth.a */,
			);
			name = Products;
			sourceTree = "<group>";
		};
		630053AF1E268CB500E0905B /* RNSFOAuth */ = {
			isa = PBXGroup;
			children = (
				630053B01E268CB500E0905B /* RNSFOAuth.h */,
				630053B11E268CB500E0905B /* RNSFOAuth.m */,
			);
			path = RNSFOAuth;
			sourceTree = "<group>";
		};
/* End PBXGroup section */

/* Begin PBXNativeTarget section */
		630053AC1E268CB500E0905B /* RNSFOAuth */ = {
			isa = PBXNativeTarget;
			buildConfigurationList = 630053B61E268CB500E0905B /* Build configuration list for PBXNativeTarget "RNSFOAuth" */;
			buildPhases = (
				630053A91E268CB500E0905B /* Sources */,
				630053AA1E268CB500E0905B /* Frameworks */,
				630053AB1E268CB500E0905B /* CopyFiles */,
			);
			buildRules = (
			);
			dependencies = (
			);
			name = RNSFOAuth;
			productName = RNSFOAuth;
			productReference = 630053AD1E268CB500E0905B /* libRNSFOAuth.a */;
			productType = "com.apple.product-type.library.static";
		};
/* End PBXNativeTarget section */

/* Begin PBXProject section */
		630053A51E268CB500E0905B /* Project object */ = {
			isa = PBXProject;
			attributes = {
				LastUpgradeCheck = 0820;
				ORGANIZATIONNAME = Fonteva;
				TargetAttributes = {
					630053AC1E268CB500E0905B = {
						CreatedOnToolsVersion = 8.2.1;
						DevelopmentTeam = DLH95HS4VU;
						ProvisioningStyle = Automatic;
					};
				};
			};
			buildConfigurationList = 630053A81E268CB500E0905B /* Build configuration list for PBXProject "RNSFOAuth" */;
			compatibilityVersion = "Xcode 3.2";
			developmentRegion = English;
			hasScannedForEncodings = 0;
			knownRegions = (
				en,
			);
			mainGroup = 630053A41E268CB500E0905B;
			productRefGroup = 630053AE1E268CB500E0905B /* Products */;
			projectDirPath = "";
			projectRoot = "";
			targets = (
				630053AC1E268CB500E0905B /* RNSFOAuth */,
			);
		};
/* End PBXProject section */

/* Begin PBXSourcesBuildPhase section */
		630053A91E268CB500E0905B /* Sources */ = {
			isa = PBXSourcesBuildPhase;
			buildActionMask = 2147483647;
			files = (
				630053B21E268CB500E0905B /* RNSFOAuth.m in Sources */,
			);
			runOnlyForDeploymentPostprocessing = 0;
		};
/* End PBXSourcesBuildPhase section */

/* Begin XCBuildConfiguration section */
		630053B41E268CB500E0905B /* Debug */ = {
			isa = XCBuildConfiguration;
			buildSettings = {
				ALWAYS_SEARCH_USER_PATHS = NO;
				CLANG_ANALYZER_NONNULL = YES;
				CLANG_CXX_LANGUAGE_STANDARD = "gnu++0x";
				CLANG_CXX_LIBRARY = "libc++";
				CLANG_ENABLE_MODULES = YES;
				CLANG_ENABLE_OBJC_ARC = YES;
				CLANG_WARN_BOOL_CONVERSION = YES;
				CLANG_WARN_CONSTANT_CONVERSION = YES;
				CLANG_WARN_DIRECT_OBJC_ISA_USAGE = YES_ERROR;
				CLANG_WARN_DOCUMENTATION_COMMENTS = YES;
				CLANG_WARN_EMPTY_BODY = YES;
				CLANG_WARN_ENUM_CONVERSION = YES;
				CLANG_WARN_INFINITE_RECURSION = YES;
				CLANG_WARN_INT_CONVERSION = YES;
				CLANG_WARN_OBJC_ROOT_CLASS = YES_ERROR;
				CLANG_WARN_SUSPICIOUS_MOVE = YES;
				CLANG_WARN_UNREACHABLE_CODE = YES;
				CLANG_WARN__DUPLICATE_METHOD_MATCH = YES;
				"CODE_SIGN_IDENTITY[sdk=iphoneos*]" = "iPhone Developer";
				COPY_PHASE_STRIP = NO;
				DEBUG_INFORMATION_FORMAT = dwarf;
				ENABLE_STRICT_OBJC_MSGSEND = YES;
				ENABLE_TESTABILITY = YES;
				GCC_C_LANGUAGE_STANDARD = gnu99;
				GCC_DYNAMIC_NO_PIC = NO;
				GCC_NO_COMMON_BLOCKS = YES;
				GCC_OPTIMIZATION_LEVEL = 0;
				GCC_PREPROCESSOR_DEFINITIONS = (
					"DEBUG=1",
					"$(inherited)",
				);
				GCC_WARN_64_TO_32_BIT_CONVERSION = YES;
				GCC_WARN_ABOUT_RETURN_TYPE = YES_ERROR;
				GCC_WARN_UNDECLARED_SELECTOR = YES;
				GCC_WARN_UNINITIALIZED_AUTOS = YES_AGGRESSIVE;
				GCC_WARN_UNUSED_FUNCTION = YES;
				GCC_WARN_UNUSED_VARIABLE = YES;
				IPHONEOS_DEPLOYMENT_TARGET = 10.2;
				MTL_ENABLE_DEBUG_INFO = YES;
				ONLY_ACTIVE_ARCH = YES;
				SDKROOT = iphoneos;
			};
			name = Debug;
		};
		630053B51E268CB500E0905B /* Release */ = {
			isa = XCBuildConfiguration;
			buildSettings = {
				ALWAYS_SEARCH_USER_PATHS = NO;
				CLANG_ANALYZER_NONNULL = YES;
				CLANG_CXX_LANGUAGE_STANDARD = "gnu++0x";
				CLANG_CXX_LIBRARY = "libc++";
				CLANG_ENABLE_MODULES = YES;
				CLANG_ENABLE_OBJC_ARC = YES;
				CLANG_WARN_BOOL_CONVERSION = YES;
				CLANG_WARN_CONSTANT_CONVERSION = YES;
				CLANG_WARN_DIRECT_OBJC_ISA_USAGE = YES_ERROR;
				CLANG_WARN_DOCUMENTATION_COMMENTS = YES;
				CLANG_WARN_EMPTY_BODY = YES;
				CLANG_WARN_ENUM_CONVERSION = YES;
				CLANG_WARN_INFINITE_RECURSION = YES;
				CLANG_WARN_INT_CONVERSION = YES;
				CLANG_WARN_OBJC_ROOT_CLASS = YES_ERROR;
				CLANG_WARN_SUSPICIOUS_MOVE = YES;
				CLANG_WARN_UNREACHABLE_CODE = YES;
				CLANG_WARN__DUPLICATE_METHOD_MATCH = YES;
				"CODE_SIGN_IDENTITY[sdk=iphoneos*]" = "iPhone Developer";
				COPY_PHASE_STRIP = NO;
				DEBUG_INFORMATION_FORMAT = "dwarf-with-dsym";
				ENABLE_NS_ASSERTIONS = NO;
				ENABLE_STRICT_OBJC_MSGSEND = YES;
				GCC_C_LANGUAGE_STANDARD = gnu99;
				GCC_NO_COMMON_BLOCKS = YES;
				GCC_WARN_64_TO_32_BIT_CONVERSION = YES;
				GCC_WARN_ABOUT_RETURN_TYPE = YES_ERROR;
				GCC_WARN_UNDECLARED_SELECTOR = YES;
				GCC_WARN_UNINITIALIZED_AUTOS = YES_AGGRESSIVE;
				GCC_WARN_UNUSED_FUNCTION = YES;
				GCC_WARN_UNUSED_VARIABLE = YES;
				IPHONEOS_DEPLOYMENT_TARGET = 10.2;
				MTL_ENABLE_DEBUG_INFO = NO;
				SDKROOT = iphoneos;
				VALIDATE_PRODUCT = YES;
			};
			name = Release;
		};
		630053B71E268CB500E0905B /* Debug */ = {
			isa = XCBuildConfiguration;
			buildSettings = {
				DEVELOPMENT_TEAM = DLH95HS4VU;
				OTHER_LDFLAGS = "-ObjC";
				PRODUCT_NAME = "$(TARGET_NAME)";
				SKIP_INSTALL = YES;
			};
			name = Debug;
		};
		630053B81E268CB500E0905B /* Release */ = {
			isa = XCBuildConfiguration;
			buildSettings = {
				DEVELOPMENT_TEAM = DLH95HS4VU;
				OTHER_LDFLAGS = "-ObjC";
				PRODUCT_NAME = "$(TARGET_NAME)";
				SKIP_INSTALL = YES;
			};
			name = Release;
		};
/* End XCBuildConfiguration section */

/* Begin XCConfigurationList section */
		630053A81E268CB500E0905B /* Build configuration list for PBXProject "RNSFOAuth" */ = {
			isa = XCConfigurationList;
			buildConfigurations = (
				630053B41E268CB500E0905B /* Debug */,
				630053B51E268CB500E0905B /* Release */,
			);
			defaultConfigurationIsVisible = 0;
			defaultConfigurationName = Release;
		};
		630053B61E268CB500E0905B /* Build configuration list for PBXNativeTarget "RNSFOAuth" */ = {
			isa = XCConfigurationList;
			buildConfigurations = (
				630053B71E268CB500E0905B /* Debug */,
				630053B81E268CB500E0905B /* Release */,
			);
			defaultConfigurationIsVisible = 0;
		};
/* End XCConfigurationList section */
	};
	rootObject = 630053A51E268CB500E0905B /* Project object */;
}
